
Microsoft Visual Studio Solution File, Format Version 12.00
# Visual Studio 15
Project("{FAE04EC0-301F-11D3-BF4B-00C04F79EFBC}") = "dzunec_zadaca_2", "dzunec_zadaca_2\dzunec_zadaca_2.csproj", "{719EDAB2-EA15-4D8C-A451-8C3EB184DE08}"
EndProject
Global
	GlobalSection(SolutionConfigurationPlatforms) = preSolution
		Debug|Any CPU = Debug|Any CPU
		Release|Any CPU = Release|Any CPU
	EndGlobalSection
	GlobalSection(ProjectConfigurationPlatforms) = postSolution
		{719EDAB2-EA15-4D8C-A451-8C3EB184DE08}.Debug|Any CPU.ActiveCfg = Debug|Any CPU
		{719EDAB2-EA15-4D8C-A451-8C3EB184DE08}.Debug|Any CPU.Build.0 = Debug|Any CPU
		{719EDAB2-EA15-4D8C-A451-8C3EB184DE08}.Release|Any CPU.ActiveCfg = Release|Any CPU
		{719EDAB2-EA15-4D8C-A451-8C3EB184DE08}.Release|Any CPU.Build.0 = Release|Any CPU
	EndGlobalSection
EndGlobal
